<?xml version="1.0" encoding="utf-8"?>
<Project ToolsVersion="4.0" xmlns="http://schemas.microsoft.com/developer/msbuild/2003">
  <ItemGroup>
    <Filter Include="Source Files">
      <UniqueIdentifier>{4FC737F1-C7A5-4376-A066-2A32D752A2FF}</UniqueIdentifier>
      <Extensions>cpp;c;cc;cxx;c++;cppm;ixx;def;odl;idl;hpj;bat;asm;asmx</Extensions>
    </Filter>
    <Filter Include="Header Files">
      <UniqueIdentifier>{93995380-89BD-4b04-88EB-625FBE52EBFB}</UniqueIdentifier>
      <Extensions>h;hh;hpp;hxx;h++;hm;inl;inc;ipp;xsd</Extensions>
    </Filter>
    <Filter Include="Resource Files">
      <UniqueIdentifier>{67DA6AB6-F800-4c08-8B7A-83BB121AAD01}</UniqueIdentifier>
      <Extensions>rc;ico;cur;bmp;dlg;rc2;rct;bin;rgs;gif;jpg;jpeg;jpe;resx;tiff;tif;png;wav;mfcribbon-ms</Extensions>
    </Filter>
  </ItemGroup>
  <ItemGroup>
    <ClCompile Include="Projekt.cpp">
      <Filter>Source Files</Filter>
    </ClCompile>
    <ClCompile Include="Application.cpp">
      <Filter>Resource Files</Filter>
    </ClCompile>
    <ClCompile Include="Callbacks.cpp">
      <Filter>Resource Files</Filter>
    </ClCompile>
    <ClCompile Include="Shader\Shader.cpp">
      <Filter>Source Files</Filter>
    </ClCompile>
    <ClCompile Include="Shader\VertexShader.cpp">
      <Filter>Source Files</Filter>
    </ClCompile>
    <ClCompile Include="Shader\FragmentShader.cpp">
      <Filter>Source Files</Filter>
    </ClCompile>
    <ClCompile Include="Shader\ShaderProgram.cpp">
      <Filter>Source Files</Filter>
    </ClCompile>
    <ClCompile Include="DrawableObject.cpp">
      <Filter>Source Files</Filter>
    </ClCompile>
    <ClCompile Include="Model.cpp">
      <Filter>Source Files</Filter>
    </ClCompile>
    <ClCompile Include="Transform\Transform.cpp">
      <Filter>Source Files</Filter>
    </ClCompile>
    <ClCompile Include="Transform\Translation.cpp">
      <Filter>Source Files</Filter>
    </ClCompile>
    <ClCompile Include="Transform\Rotation.cpp">
      <Filter>Source Files</Filter>
    </ClCompile>
    <ClCompile Include="Transform\Scale.cpp">
      <Filter>Source Files</Filter>
    </ClCompile>
    <ClCompile Include="Scene\Scene.cpp">
      <Filter>Source Files</Filter>
    </ClCompile>
    <ClCompile Include="Scene\SceneFactory.cpp">
      <Filter>Source Files</Filter>
    </ClCompile>
    <ClCompile Include="Scene\Camera.cpp">
      <Filter>Source Files</Filter>
    </ClCompile>
  </ItemGroup>
  <ItemGroup>
    <ClInclude Include="Application.h">
      <Filter>Header Files</Filter>
    </ClInclude>
    <ClInclude Include="Callbacks.h">
      <Filter>Header Files</Filter>
    </ClInclude>
    <ClInclude Include="Models\Models\bushes.h">
      <Filter>Header Files</Filter>
    </ClInclude>
    <ClInclude Include="Models\Models\gift.h">
      <Filter>Header Files</Filter>
    </ClInclude>
    <ClInclude Include="Models\Models\plain.h">
      <Filter>Header Files</Filter>
    </ClInclude>
    <ClInclude Include="Models\Models\sphere.h">
      <Filter>Header Files</Filter>
    </ClInclude>
    <ClInclude Include="Models\Models\suzi_flat.h">
      <Filter>Header Files</Filter>
    </ClInclude>
    <ClInclude Include="Models\Models\suzi_smooth.h">
      <Filter>Header Files</Filter>
    </ClInclude>
    <ClInclude Include="Models\Models\tree.h">
      <Filter>Header Files</Filter>
    </ClInclude>
    <ClInclude Include="Models\bushes.h">
      <Filter>Header Files</Filter>
    </ClInclude>
    <ClInclude Include="Models\gift.h">
      <Filter>Header Files</Filter>
    </ClInclude>
    <ClInclude Include="Models\plain.h">
      <Filter>Header Files</Filter>
    </ClInclude>
    <ClInclude Include="Models\sphere.h">
      <Filter>Header Files</Filter>
    </ClInclude>
    <ClInclude Include="Models\suzi_flat.h">
      <Filter>Header Files</Filter>
    </ClInclude>
    <ClInclude Include="Models\suzi_smooth.h">
      <Filter>Header Files</Filter>
    </ClInclude>
    <ClInclude Include="Models\tree.h">
      <Filter>Header Files</Filter>
    </ClInclude>
    <ClInclude Include="Shader\Shader.h">
      <Filter>Header Files</Filter>
    </ClInclude>
    <ClInclude Include="Shader\VertexShader.h">
      <Filter>Header Files</Filter>
    </ClInclude>
    <ClInclude Include="Shader\FragmentShader.h">
      <Filter>Header Files</Filter>
    </ClInclude>
    <ClInclude Include="Shader\ShaderProgram.h">
      <Filter>Header Files</Filter>
    </ClInclude>
    <ClInclude Include="DrawableObject.h">
      <Filter>Header Files</Filter>
    </ClInclude>
    <ClInclude Include="Model.h">
      <Filter>Header Files</Filter>
    </ClInclude>
    <ClInclude Include="Transform\Transform.h">
      <Filter>Header Files</Filter>
    </ClInclude>
    <ClInclude Include="Transform\AbstractTransform.h">
      <Filter>Header Files</Filter>
    </ClInclude>
    <ClInclude Include="Transform\Translation.h">
      <Filter>Header Files</Filter>
    </ClInclude>
    <ClInclude Include="Transform\Rotation.h">
      <Filter>Header Files</Filter>
    </ClInclude>
    <ClInclude Include="Transform\Scale.h">
      <Filter>Header Files</Filter>
    </ClInclude>
    <ClInclude Include="Scene\Scene.h">
      <Filter>Header Files</Filter>
    </ClInclude>
    <ClInclude Include="Scene\SceneFactory.h">
      <Filter>Header Files</Filter>
    </ClInclude>
    <ClInclude Include="Scene\Camera.h">
      <Filter>Header Files</Filter>
    </ClInclude>
    <ClInclude Include="Observer\Observer.h">
      <Filter>Header Files</Filter>
    </ClInclude>
    <ClInclude Include="Observer\Subject.h">
      <Filter>Header Files</Filter>
    </ClInclude>
  </ItemGroup>
</Project>