
Microsoft Visual Studio Solution File, Format Version 12.00
# Visual Studio Version 17
VisualStudioVersion = 17.11.35312.102
MinimumVisualStudioVersion = 10.0.40219.1
Project("{FAE04EC0-301F-11D3-BF4B-00C04F79EFBC}") = "Ukol2", "Ukol2\Ukol2.csproj", "{2250758F-BDD3-4F64-B2CA-AF218DFE0215}"
EndProject
Global
	GlobalSection(SolutionConfigurationPlatforms) = preSolution
		Debug|Any CPU = Debug|Any CPU
		Release|Any CPU = Release|Any CPU
	EndGlobalSection
	GlobalSection(ProjectConfigurationPlatforms) = postSolution
		{2250758F-BDD3-4F64-B2CA-AF218DFE0215}.Debug|Any CPU.ActiveCfg = Debug|Any CPU
		{2250758F-BDD3-4F64-B2CA-AF218DFE0215}.Debug|Any CPU.Build.0 = Debug|Any CPU
		{2250758F-BDD3-4F64-B2CA-AF218DFE0215}.Release|Any CPU.ActiveCfg = Release|Any CPU
		{2250758F-BDD3-4F64-B2CA-AF218DFE0215}.Release|Any CPU.Build.0 = Release|Any CPU
	EndGlobalSection
	GlobalSection(SolutionProperties) = preSolution
		HideSolutionNode = FALSE
	EndGlobalSection
	GlobalSection(ExtensibilityGlobals) = postSolution
		SolutionGuid = {074451F6-C691-4630-BA46-30D175B8529D}
	EndGlobalSection
EndGlobal
