
Microsoft Visual Studio Solution File, Format Version 12.00
# Visual Studio Version 17
VisualStudioVersion = 17.9.34616.47
MinimumVisualStudioVersion = 10.0.40219.1
Project("{8BC9CEB8-8B4A-11D0-8D11-00A0C91BC942}") = "ukol6", "ukol6.vcxproj", "{380CA5DC-C674-484F-ABA5-842191266C44}"
EndProject
Global
	GlobalSection(SolutionConfigurationPlatforms) = preSolution
		Debug|x64 = Debug|x64
		Debug|x86 = Debug|x86
		Release|x64 = Release|x64
		Release|x86 = Release|x86
	EndGlobalSection
	GlobalSection(ProjectConfigurationPlatforms) = postSolution
		{380CA5DC-C674-484F-ABA5-842191266C44}.Debug|x64.ActiveCfg = Debug|x64
		{380CA5DC-C674-484F-ABA5-842191266C44}.Debug|x64.Build.0 = Debug|x64
		{380CA5DC-C674-484F-ABA5-842191266C44}.Debug|x86.ActiveCfg = Debug|Win32
		{380CA5DC-C674-484F-ABA5-842191266C44}.Debug|x86.Build.0 = Debug|Win32
		{380CA5DC-C674-484F-ABA5-842191266C44}.Release|x64.ActiveCfg = Release|x64
		{380CA5DC-C674-484F-ABA5-842191266C44}.Release|x64.Build.0 = Release|x64
		{380CA5DC-C674-484F-ABA5-842191266C44}.Release|x86.ActiveCfg = Release|Win32
		{380CA5DC-C674-484F-ABA5-842191266C44}.Release|x86.Build.0 = Release|Win32
	EndGlobalSection
	GlobalSection(SolutionProperties) = preSolution
		HideSolutionNode = FALSE
	EndGlobalSection
	GlobalSection(ExtensibilityGlobals) = postSolution
		SolutionGuid = {6ED91C78-3734-40A2-90CF-69827B28D5A2}
	EndGlobalSection
EndGlobal
