
Microsoft Visual Studio Solution File, Format Version 12.00
# Visual Studio Version 17
VisualStudioVersion = 17.11.35312.102
MinimumVisualStudioVersion = 10.0.40219.1
Project("{8BC9CEB8-8B4A-11D0-8D11-00A0C91BC942}") = "SMTPandPOP3", "SMTPandPOP3\SMTPandPOP3.vcxproj", "{85019F36-1F1F-4642-89C9-237CD1F3E615}"
EndProject
Global
	GlobalSection(SolutionConfigurationPlatforms) = preSolution
		Debug|x64 = Debug|x64
		Debug|x86 = Debug|x86
		Release|x64 = Release|x64
		Release|x86 = Release|x86
	EndGlobalSection
	GlobalSection(ProjectConfigurationPlatforms) = postSolution
		{85019F36-1F1F-4642-89C9-237CD1F3E615}.Debug|x64.ActiveCfg = Debug|x64
		{85019F36-1F1F-4642-89C9-237CD1F3E615}.Debug|x64.Build.0 = Debug|x64
		{85019F36-1F1F-4642-89C9-237CD1F3E615}.Debug|x86.ActiveCfg = Debug|Win32
		{85019F36-1F1F-4642-89C9-237CD1F3E615}.Debug|x86.Build.0 = Debug|Win32
		{85019F36-1F1F-4642-89C9-237CD1F3E615}.Release|x64.ActiveCfg = Release|x64
		{85019F36-1F1F-4642-89C9-237CD1F3E615}.Release|x64.Build.0 = Release|x64
		{85019F36-1F1F-4642-89C9-237CD1F3E615}.Release|x86.ActiveCfg = Release|Win32
		{85019F36-1F1F-4642-89C9-237CD1F3E615}.Release|x86.Build.0 = Release|Win32
	EndGlobalSection
	GlobalSection(SolutionProperties) = preSolution
		HideSolutionNode = FALSE
	EndGlobalSection
	GlobalSection(ExtensibilityGlobals) = postSolution
		SolutionGuid = {006C3F9F-6C54-43B0-9110-9657C08C21BA}
	EndGlobalSection
EndGlobal
