
Microsoft Visual Studio Solution File, Format Version 12.00
Project("{FAE04EC0-301F-11D3-BF4B-00C04F79EFBC}") = "testPripava1", "testPripava1\testPripava1.csproj", "{AADE241E-C773-4A56-B1A0-EFE7FF3E31E3}"
EndProject
Global
	GlobalSection(SolutionConfigurationPlatforms) = preSolution
		Debug|Any CPU = Debug|Any CPU
		Release|Any CPU = Release|Any CPU
	EndGlobalSection
	GlobalSection(ProjectConfigurationPlatforms) = postSolution
		{AADE241E-C773-4A56-B1A0-EFE7FF3E31E3}.Debug|Any CPU.ActiveCfg = Debug|Any CPU
		{AADE241E-C773-4A56-B1A0-EFE7FF3E31E3}.Debug|Any CPU.Build.0 = Debug|Any CPU
		{AADE241E-C773-4A56-B1A0-EFE7FF3E31E3}.Release|Any CPU.ActiveCfg = Release|Any CPU
		{AADE241E-C773-4A56-B1A0-EFE7FF3E31E3}.Release|Any CPU.Build.0 = Release|Any CPU
	EndGlobalSection
EndGlobal
