
Microsoft Visual Studio Solution File, Format Version 12.00
# Visual Studio Version 17
VisualStudioVersion = 17.13.35825.156 d17.13
MinimumVisualStudioVersion = 10.0.40219.1
Project("{FAE04EC0-301F-11D3-BF4B-00C04F79EFBC}") = "CachingServer", "CachingServer.csproj", "{D5AEA111-89CF-435A-85E1-B18EDF7DEA93}"
EndProject
Global
	GlobalSection(SolutionConfigurationPlatforms) = preSolution
		Debug|Any CPU = Debug|Any CPU
		Release|Any CPU = Release|Any CPU
	EndGlobalSection
	GlobalSection(ProjectConfigurationPlatforms) = postSolution
		{D5AEA111-89CF-435A-85E1-B18EDF7DEA93}.Debug|Any CPU.ActiveCfg = Debug|Any CPU
		{D5AEA111-89CF-435A-85E1-B18EDF7DEA93}.Debug|Any CPU.Build.0 = Debug|Any CPU
		{D5AEA111-89CF-435A-85E1-B18EDF7DEA93}.Release|Any CPU.ActiveCfg = Release|Any CPU
		{D5AEA111-89CF-435A-85E1-B18EDF7DEA93}.Release|Any CPU.Build.0 = Release|Any CPU
	EndGlobalSection
	GlobalSection(SolutionProperties) = preSolution
		HideSolutionNode = FALSE
	EndGlobalSection
	GlobalSection(ExtensibilityGlobals) = postSolution
		SolutionGuid = {105E558D-C40F-4112-971C-0243D6A107C7}
	EndGlobalSection
EndGlobal
