
Microsoft Visual Studio Solution File, Format Version 12.00
# Visual Studio Version 17
VisualStudioVersion = 17.14.36511.14 d17.14
MinimumVisualStudioVersion = 10.0.40219.1
Project("{8BC9CEB8-8B4A-11D0-8D11-00A0C91BC942}") = "Projekt", "Projekt.vcxproj", "{E5DFAED7-6868-4780-96DF-A361AE0C05C1}"
EndProject
Global
	GlobalSection(SolutionConfigurationPlatforms) = preSolution
		Debug|x64 = Debug|x64
		Debug|x86 = Debug|x86
		Release|x64 = Release|x64
		Release|x86 = Release|x86
	EndGlobalSection
	GlobalSection(ProjectConfigurationPlatforms) = postSolution
		{E5DFAED7-6868-4780-96DF-A361AE0C05C1}.Debug|x64.ActiveCfg = Debug|x64
		{E5DFAED7-6868-4780-96DF-A361AE0C05C1}.Debug|x64.Build.0 = Debug|x64
		{E5DFAED7-6868-4780-96DF-A361AE0C05C1}.Debug|x86.ActiveCfg = Debug|Win32
		{E5DFAED7-6868-4780-96DF-A361AE0C05C1}.Debug|x86.Build.0 = Debug|Win32
		{E5DFAED7-6868-4780-96DF-A361AE0C05C1}.Release|x64.ActiveCfg = Release|x64
		{E5DFAED7-6868-4780-96DF-A361AE0C05C1}.Release|x64.Build.0 = Release|x64
		{E5DFAED7-6868-4780-96DF-A361AE0C05C1}.Release|x86.ActiveCfg = Release|Win32
		{E5DFAED7-6868-4780-96DF-A361AE0C05C1}.Release|x86.Build.0 = Release|Win32
	EndGlobalSection
	GlobalSection(SolutionProperties) = preSolution
		HideSolutionNode = FALSE
	EndGlobalSection
	GlobalSection(ExtensibilityGlobals) = postSolution
		SolutionGuid = {C048EAEB-5BEF-4EB8-AFFE-8F0C944ED64A}
	EndGlobalSection
EndGlobal
