
Microsoft Visual Studio Solution File, Format Version 12.00
# Visual Studio Version 17
VisualStudioVersion = 17.11.35312.102
MinimumVisualStudioVersion = 10.0.40219.1
Project("{FAE04EC0-301F-11D3-BF4B-00C04F79EFBC}") = "Ukol2", "Ukol2.csproj", "{6FF31BDB-4094-4C5C-9BDE-22DF0CCD7589}"
EndProject
Project("{FAE04EC0-301F-11D3-BF4B-00C04F79EFBC}") = "test", "..\test\test.csproj", "{3C02AEF0-2010-46C0-B459-4002764D180A}"
EndProject
Global
	GlobalSection(SolutionConfigurationPlatforms) = preSolution
		Debug|Any CPU = Debug|Any CPU
		Release|Any CPU = Release|Any CPU
	EndGlobalSection
	GlobalSection(ProjectConfigurationPlatforms) = postSolution
		{6FF31BDB-4094-4C5C-9BDE-22DF0CCD7589}.Debug|Any CPU.ActiveCfg = Debug|Any CPU
		{6FF31BDB-4094-4C5C-9BDE-22DF0CCD7589}.Debug|Any CPU.Build.0 = Debug|Any CPU
		{6FF31BDB-4094-4C5C-9BDE-22DF0CCD7589}.Release|Any CPU.ActiveCfg = Release|Any CPU
		{6FF31BDB-4094-4C5C-9BDE-22DF0CCD7589}.Release|Any CPU.Build.0 = Release|Any CPU
		{3C02AEF0-2010-46C0-B459-4002764D180A}.Debug|Any CPU.ActiveCfg = Debug|Any CPU
		{3C02AEF0-2010-46C0-B459-4002764D180A}.Debug|Any CPU.Build.0 = Debug|Any CPU
		{3C02AEF0-2010-46C0-B459-4002764D180A}.Release|Any CPU.ActiveCfg = Release|Any CPU
		{3C02AEF0-2010-46C0-B459-4002764D180A}.Release|Any CPU.Build.0 = Release|Any CPU
	EndGlobalSection
	GlobalSection(SolutionProperties) = preSolution
		HideSolutionNode = FALSE
	EndGlobalSection
	GlobalSection(ExtensibilityGlobals) = postSolution
		SolutionGuid = {1B408649-55D9-455B-9EA6-9E9E6540D957}
	EndGlobalSection
EndGlobal
